// !$*UTF8*$!
{
	archiveVersion = 1;
	classes = {
	};
	objectVersion = 46;
	objects = {

/* Begin PBXBuildFile section */
		800D04671E27744000214C12 /* AppDelegate.swift in Sources */ = {isa = PBXBuildFile; fileRef = 800D04661E27744000214C12 /* AppDelegate.swift */; };
		800D04691E27744000214C12 /* ViewController.swift in Sources */ = {isa = PBXBuildFile; fileRef = 800D04681E27744000214C12 /* ViewController.swift */; };
		800D046C1E27744000214C12 /* Main.storyboard in Resources */ = {isa = PBXBuildFile; fileRef = 800D046A1E27744000214C12 /* Main.storyboard */; };
		800D046F1E27744100214C12 /* WebClient.xcdatamodeld in Sources */ = {isa = PBXBuildFile; fileRef = 800D046D1E27744100214C12 /* WebClient.xcdatamodeld */; };
		800D04711E27744100214C12 /* Assets.xcassets in Resources */ = {isa = PBXBuildFile; fileRef = 800D04701E27744100214C12 /* Assets.xcassets */; };
		800D04741E27744100214C12 /* LaunchScreen.storyboard in Resources */ = {isa = PBXBuildFile; fileRef = 800D04721E27744100214C12 /* LaunchScreen.storyboard */; };
		800D047F1E27744100214C12 /* WebClientTests.swift in Sources */ = {isa = PBXBuildFile; fileRef = 800D047E1E27744100214C12 /* WebClientTests.swift */; };
		800D048A1E27744100214C12 /* WebClientUITests.swift in Sources */ = {isa = PBXBuildFile; fileRef = 800D04891E27744100214C12 /* WebClientUITests.swift */; };
/* End PBXBuildFile section */

/* Begin PBXContainerItemProxy section */
		800D047B1E27744100214C12 /* PBXContainerItemProxy */ = {
			isa = PBXContainerItemProxy;
			containerPortal = 800D045B1E27744000214C12 /* Project object */;
			proxyType = 1;
			remoteGlobalIDString = 800D04621E27744000214C12;
			remoteInfo = WebClient;
		};
		800D04861E27744100214C12 /* PBXContainerItemProxy */ = {
			isa = PBXContainerItemProxy;
			containerPortal = 800D045B1E27744000214C12 /* Project object */;
			proxyType = 1;
			remoteGlobalIDString = 800D04621E27744000214C12;
			remoteInfo = WebClient;
		};
/* End PBXContainerItemProxy section */

/* Begin PBXFileReference section */
		800D04631E27744000214C12 /* WebClient.app */ = {isa = PBXFileReference; explicitFileType = wrapper.application; includeInIndex = 0; path = WebClient.app; sourceTree = BUILT_PRODUCTS_DIR; };
		800D04661E27744000214C12 /* AppDelegate.swift */ = {isa = PBXFileReference; lastKnownFileType = sourcecode.swift; path = AppDelegate.swift; sourceTree = "<group>"; };
		800D04681E27744000214C12 /* ViewController.swift */ = {isa = PBXFileReference; lastKnownFileType = sourcecode.swift; path = ViewController.swift; sourceTree = "<group>"; };
		800D046B1E27744000214C12 /* Base */ = {isa = PBXFileReference; lastKnownFileType = file.storyboard; name = Base; path = Base.lproj/Main.storyboard; sourceTree = "<group>"; };
		800D046E1E27744100214C12 /* WebClient.xcdatamodel */ = {isa = PBXFileReference; lastKnownFileType = wrapper.xcdatamodel; path = WebClient.xcdatamodel; sourceTree = "<group>"; };
		800D04701E27744100214C12 /* Assets.xcassets */ = {isa = PBXFileReference; lastKnownFileType = folder.assetcatalog; path = Assets.xcassets; sourceTree = "<group>"; };
		800D04731E27744100214C12 /* Base */ = {isa = PBXFileReference; lastKnownFileType = file.storyboard; name = Base; path = Base.lproj/LaunchScreen.storyboard; sourceTree = "<group>"; };
		800D04751E27744100214C12 /* Info.plist */ = {isa = PBXFileReference; lastKnownFileType = text.plist.xml; path = Info.plist; sourceTree = "<group>"; };
		800D047A1E27744100214C12 /* WebClientTests.xctest */ = {isa = PBXFileReference; explicitFileType = wrapper.cfbundle; includeInIndex = 0; path = WebClientTests.xctest; sourceTree = BUILT_PRODUCTS_DIR; };
		800D047E1E27744100214C12 /* WebClientTests.swift */ = {isa = PBXFileReference; lastKnownFileType = sourcecode.swift; path = WebClientTests.swift; sourceTree = "<group>"; };
		800D04801E27744100214C12 /* Info.plist */ = {isa = PBXFileReference; lastKnownFileType = text.plist.xml; path = Info.plist; sourceTree = "<group>"; };
		800D04851E27744100214C12 /* WebClientUITests.xctest */ = {isa = PBXFileReference; explicitFileType = wrapper.cfbundle; includeInIndex = 0; path = WebClientUITests.xctest; sourceTree = BUILT_PRODUCTS_DIR; };
		800D04891E27744100214C12 /* WebClientUITests.swift */ = {isa = PBXFileReference; lastKnownFileType = sourcecode.swift; path = WebClientUITests.swift; sourceTree = "<group>"; };
		800D048B1E27744100214C12 /* Info.plist */ = {isa = PBXFileReference; lastKnownFileType = text.plist.xml; path = Info.plist; sourceTree = "<group>"; };
/* End PBXFileReference section */

/* Begin PBXFrameworksBuildPhase section */
		800D04601E27744000214C12 /* Frameworks */ = {
			isa = PBXFrameworksBuildPhase;
			buildActionMask = 2147483647;
			files = (
			);
			runOnlyForDeploymentPostprocessing = 0;
		};
		800D04771E27744100214C12 /* Frameworks */ = {
			isa = PBXFrameworksBuildPhase;
			buildActionMask = 2147483647;
			files = (
			);
			runOnlyForDeploymentPostprocessing = 0;
		};
		800D04821E27744100214C12 /* Frameworks */ = {
			isa = PBXFrameworksBuildPhase;
			buildActionMask = 2147483647;
			files = (
			);
			runOnlyForDeploymentPostprocessing = 0;
		};
/* End PBXFrameworksBuildPhase section */

/* Begin PBXGroup section */
		800D045A1E27744000214C12 = {
			isa = PBXGroup;
			children = (
				800D04651E27744000214C12 /* WebClient */,
				800D047D1E27744100214C12 /* WebClientTests */,
				800D04881E27744100214C12 /* WebClientUITests */,
				800D04641E27744000214C12 /* Products */,
			);
			sourceTree = "<group>";
		};
		800D04641E27744000214C12 /* Products */ = {
			isa = PBXGroup;
			children = (
				800D04631E27744000214C12 /* WebClient.app */,
				800D047A1E27744100214C12 /* WebClientTests.xctest */,
				800D04851E27744100214C12 /* WebClientUITests.xctest */,
			);
			name = Products;
			sourceTree = "<group>";
		};
		800D04651E27744000214C12 /* WebClient */ = {
			isa = PBXGroup;
			children = (
				800D04661E27744000214C12 /* AppDelegate.swift */,
				800D04681E27744000214C12 /* ViewController.swift */,
				800D046A1E27744000214C12 /* Main.storyboard */,
				800D04701E27744100214C12 /* Assets.xcassets */,
				800D04721E27744100214C12 /* LaunchScreen.storyboard */,
				800D04751E27744100214C12 /* Info.plist */,
				800D046D1E27744100214C12 /* WebClient.xcdatamodeld */,
			);
			path = WebClient;
			sourceTree = "<group>";
		};
		800D047D1E27744100214C12 /* WebClientTests */ = {
			isa = PBXGroup;
			children = (
				800D047E1E27744100214C12 /* WebClientTests.swift */,
				800D04801E27744100214C12 /* Info.plist */,
			);
			path = WebClientTests;
			sourceTree = "<group>";
		};
		800D04881E27744100214C12 /* WebClientUITests */ = {
			isa = PBXGroup;
			children = (
				800D04891E27744100214C12 /* WebClientUITests.swift */,
				800D048B1E27744100214C12 /* Info.plist */,
			);
			path = WebClientUITests;
			sourceTree = "<group>";
		};
/* End PBXGroup section */

/* Begin PBXNativeTarget section */
		800D04621E27744000214C12 /* WebClient */ = {
			isa = PBXNativeTarget;
			buildConfigurationList = 800D048E1E27744100214C12 /* Build configuration list for PBXNativeTarget "WebClient" */;
			buildPhases = (
				800D045F1E27744000214C12 /* Sources */,
				800D04601E27744000214C12 /* Frameworks */,
				800D04611E27744000214C12 /* Resources */,
			);
			buildRules = (
			);
			dependencies = (
			);
			name = WebClient;
			productName = WebClient;
			productReference = 800D04631E27744000214C12 /* WebClient.app */;
			productType = "com.apple.product-type.application";
		};
		800D04791E27744100214C12 /* WebClientTests */ = {
			isa = PBXNativeTarget;
			buildConfigurationList = 800D04911E27744100214C12 /* Build configuration list for PBXNativeTarget "WebClientTests" */;
			buildPhases = (
				800D04761E27744100214C12 /* Sources */,
				800D04771E27744100214C12 /* Frameworks */,
				800D04781E27744100214C12 /* Resources */,
			);
			buildRules = (
			);
			dependencies = (
				800D047C1E27744100214C12 /* PBXTargetDependency */,
			);
			name = WebClientTests;
			productName = WebClientTests;
			productReference = 800D047A1E27744100214C12 /* WebClientTests.xctest */;
			productType = "com.apple.product-type.bundle.unit-test";
		};
		800D04841E27744100214C12 /* WebClientUITests */ = {
			isa = PBXNativeTarget;
			buildConfigurationList = 800D04941E27744100214C12 /* Build configuration list for PBXNativeTarget "WebClientUITests" */;
			buildPhases = (
				800D04811E27744100214C12 /* Sources */,
				800D04821E27744100214C12 /* Frameworks */,
				800D04831E27744100214C12 /* Resources */,
			);
			buildRules = (
			);
			dependencies = (
				800D04871E27744100214C12 /* PBXTargetDependency */,
			);
			name = WebClientUITests;
			productName = WebClientUITests;
			productReference = 800D04851E27744100214C12 /* WebClientUITests.xctest */;
			productType = "com.apple.product-type.bundle.ui-testing";
		};
/* End PBXNativeTarget section */

/* Begin PBXProject section */
		800D045B1E27744000214C12 /* Project object */ = {
			isa = PBXProject;
			attributes = {
				LastSwiftUpdateCheck = 0820;
				LastUpgradeCheck = 0820;
				ORGANIZATIONNAME = EGS;
				TargetAttributes = {
					800D04621E27744000214C12 = {
						CreatedOnToolsVersion = 8.2.1;
						ProvisioningStyle = Automatic;
					};
					800D04791E27744100214C12 = {
						CreatedOnToolsVersion = 8.2.1;
						ProvisioningStyle = Automatic;
						TestTargetID = 800D04621E27744000214C12;
					};
					800D04841E27744100214C12 = {
						CreatedOnToolsVersion = 8.2.1;
						ProvisioningStyle = Automatic;
						TestTargetID = 800D04621E27744000214C12;
					};
				};
			};
			buildConfigurationList = 800D045E1E27744000214C12 /* Build configuration list for PBXProject "WebClient" */;
			compatibilityVersion = "Xcode 3.2";
			developmentRegion = English;
			hasScannedForEncodings = 0;
			knownRegions = (
				en,
				Base,
			);
			mainGroup = 800D045A1E27744000214C12;
			productRefGroup = 800D04641E27744000214C12 /* Products */;
			projectDirPath = "";
			projectRoot = "";
			targets = (
				800D04621E27744000214C12 /* WebClient */,
				800D04791E27744100214C12 /* WebClientTests */,
				800D04841E27744100214C12 /* WebClientUITests */,
			);
		};
/* End PBXProject section */

/* Begin PBXResourcesBuildPhase section */
		800D04611E27744000214C12 /* Resources */ = {
			isa = PBXResourcesBuildPhase;
			buildActionMask = 2147483647;
			files = (
				800D04741E27744100214C12 /* LaunchScreen.storyboard in Resources */,
				800D04711E27744100214C12 /* Assets.xcassets in Resources */,
				800D046C1E27744000214C12 /* Main.storyboard in Resources */,
			);
			runOnlyForDeploymentPostprocessing = 0;
		};
		800D04781E27744100214C12 /* Resources */ = {
			isa = PBXResourcesBuildPhase;
			buildActionMask = 2147483647;
			files = (
			);
			runOnlyForDeploymentPostprocessing = 0;
		};
		800D04831E27744100214C12 /* Resources */ = {
			isa = PBXResourcesBuildPhase;
			buildActionMask = 2147483647;
			files = (
			);
			runOnlyForDeploymentPostprocessing = 0;
		};
/* End PBXResourcesBuildPhase section */

/* Begin PBXSourcesBuildPhase section */
		800D045F1E27744000214C12 /* Sources */ = {
			isa = PBXSourcesBuildPhase;
			buildActionMask = 2147483647;
			files = (
				800D04691E27744000214C12 /* ViewController.swift in Sources */,
				800D046F1E27744100214C12 /* WebClient.xcdatamodeld in Sources */,
				800D04671E27744000214C12 /* AppDelegate.swift in Sources */,
			);
			runOnlyForDeploymentPostprocessing = 0;
		};
		800D04761E27744100214C12 /* Sources */ = {
			isa = PBXSourcesBuildPhase;
			buildActionMask = 2147483647;
			files = (
				800D047F1E27744100214C12 /* WebClientTests.swift in Sources */,
			);
			runOnlyForDeploymentPostprocessing = 0;
		};
		800D04811E27744100214C12 /* Sources */ = {
			isa = PBXSourcesBuildPhase;
			buildActionMask = 2147483647;
			files = (
				800D048A1E27744100214C12 /* WebClientUITests.swift in Sources */,
			);
			runOnlyForDeploymentPostprocessing = 0;
		};
/* End PBXSourcesBuildPhase section */

/* Begin PBXTargetDependency section */
		800D047C1E27744100214C12 /* PBXTargetDependency */ = {
			isa = PBXTargetDependency;
			target = 800D04621E27744000214C12 /* WebClient */;
			targetProxy = 800D047B1E27744100214C12 /* PBXContainerItemProxy */;
		};
		800D04871E27744100214C12 /* PBXTargetDependency */ = {
			isa = PBXTargetDependency;
			target = 800D04621E27744000214C12 /* WebClient */;
			targetProxy = 800D04861E27744100214C12 /* PBXContainerItemProxy */;
		};
/* End PBXTargetDependency section */

/* Begin PBXVariantGroup section */
		800D046A1E27744000214C12 /* Main.storyboard */ = {
			isa = PBXVariantGroup;
			children = (
				800D046B1E27744000214C12 /* Base */,
			);
			name = Main.storyboard;
			sourceTree = "<group>";
		};
		800D04721E27744100214C12 /* LaunchScreen.storyboard */ = {
			isa = PBXVariantGroup;
			children = (
				800D04731E27744100214C12 /* Base */,
			);
			name = LaunchScreen.storyboard;
			sourceTree = "<group>";
		};
/* End PBXVariantGroup section */

/* Begin XCBuildConfiguration section */
		800D048C1E27744100214C12 /* Debug */ = {
			isa = XCBuildConfiguration;
			buildSettings = {
				ALWAYS_SEARCH_USER_PATHS = NO;
				CLANG_ANALYZER_NONNULL = YES;
				CLANG_CXX_LANGUAGE_STANDARD = "gnu++0x";
				CLANG_CXX_LIBRARY = "libc++";
				CLANG_ENABLE_MODULES = YES;
				CLANG_ENABLE_OBJC_ARC = YES;
				CLANG_WARN_BOOL_CONVERSION = YES;
				CLANG_WARN_CONSTANT_CONVERSION = YES;
				CLANG_WARN_DIRECT_OBJC_ISA_USAGE = YES_ERROR;
				CLANG_WARN_DOCUMENTATION_COMMENTS = YES;
				CLANG_WARN_EMPTY_BODY = YES;
				CLANG_WARN_ENUM_CONVERSION = YES;
				CLANG_WARN_INFINITE_RECURSION = YES;
				CLANG_WARN_INT_CONVERSION = YES;
				CLANG_WARN_OBJC_ROOT_CLASS = YES_ERROR;
				CLANG_WARN_SUSPICIOUS_MOVE = YES;
				CLANG_WARN_UNREACHABLE_CODE = YES;
				CLANG_WARN__DUPLICATE_METHOD_MATCH = YES;
				"CODE_SIGN_IDENTITY[sdk=iphoneos*]" = "iPhone Developer";
				COPY_PHASE_STRIP = NO;
				DEBUG_INFORMATION_FORMAT = dwarf;
				ENABLE_STRICT_OBJC_MSGSEND = YES;
				ENABLE_TESTABILITY = YES;
				GCC_C_LANGUAGE_STANDARD = gnu99;
				GCC_DYNAMIC_NO_PIC = NO;
				GCC_NO_COMMON_BLOCKS = YES;
				GCC_OPTIMIZATION_LEVEL = 0;
				GCC_PREPROCESSOR_DEFINITIONS = (
					"DEBUG=1",
					"$(inherited)",
				);
				GCC_WARN_64_TO_32_BIT_CONVERSION = YES;
				GCC_WARN_ABOUT_RETURN_TYPE = YES_ERROR;
				GCC_WARN_UNDECLARED_SELECTOR = YES;
				GCC_WARN_UNINITIALIZED_AUTOS = YES_AGGRESSIVE;
				GCC_WARN_UNUSED_FUNCTION = YES;
				GCC_WARN_UNUSED_VARIABLE = YES;
				IPHONEOS_DEPLOYMENT_TARGET = 10.2;
				MTL_ENABLE_DEBUG_INFO = YES;
				ONLY_ACTIVE_ARCH = YES;
				SDKROOT = iphoneos;
				SWIFT_ACTIVE_COMPILATION_CONDITIONS = DEBUG;
				SWIFT_OPTIMIZATION_LEVEL = "-Onone";
				TARGETED_DEVICE_FAMILY = "1,2";
			};
			name = Debug;
		};
		800D048D1E27744100214C12 /* Release */ = {
			isa = XCBuildConfiguration;
			buildSettings = {
				ALWAYS_SEARCH_USER_PATHS = NO;
				CLANG_ANALYZER_NONNULL = YES;
				CLANG_CXX_LANGUAGE_STANDARD = "gnu++0x";
				CLANG_CXX_LIBRARY = "libc++";
				CLANG_ENABLE_MODULES = YES;
				CLANG_ENABLE_OBJC_ARC = YES;
				CLANG_WARN_BOOL_CONVERSION = YES;
				CLANG_WARN_CONSTANT_CONVERSION = YES;
				CLANG_WARN_DIRECT_OBJC_ISA_USAGE = YES_ERROR;
				CLANG_WARN_DOCUMENTATION_COMMENTS = YES;
				CLANG_WARN_EMPTY_BODY = YES;
				CLANG_WARN_ENUM_CONVERSION = YES;
				CLANG_WARN_INFINITE_RECURSION = YES;
				CLANG_WARN_INT_CONVERSION = YES;
				CLANG_WARN_OBJC_ROOT_CLASS = YES_ERROR;
				CLANG_WARN_SUSPICIOUS_MOVE = YES;
				CLANG_WARN_UNREACHABLE_CODE = YES;
				CLANG_WARN__DUPLICATE_METHOD_MATCH = YES;
				"CODE_SIGN_IDENTITY[sdk=iphoneos*]" = "iPhone Developer";
				COPY_PHASE_STRIP = NO;
				DEBUG_INFORMATION_FORMAT = "dwarf-with-dsym";
				ENABLE_NS_ASSERTIONS = NO;
				ENABLE_STRICT_OBJC_MSGSEND = YES;
				GCC_C_LANGUAGE_STANDARD = gnu99;
				GCC_NO_COMMON_BLOCKS = YES;
				GCC_WARN_64_TO_32_BIT_CONVERSION = YES;
				GCC_WARN_ABOUT_RETURN_TYPE = YES_ERROR;
				GCC_WARN_UNDECLARED_SELECTOR = YES;
				GCC_WARN_UNINITIALIZED_AUTOS = YES_AGGRESSIVE;
				GCC_WARN_UNUSED_FUNCTION = YES;
				GCC_WARN_UNUSED_VARIABLE = YES;
				IPHONEOS_DEPLOYMENT_TARGET = 10.2;
				MTL_ENABLE_DEBUG_INFO = NO;
				SDKROOT = iphoneos;
				SWIFT_OPTIMIZATION_LEVEL = "-Owholemodule";
				TARGETED_DEVICE_FAMILY = "1,2";
				VALIDATE_PRODUCT = YES;
			};
			name = Release;
		};
		800D048F1E27744100214C12 /* Debug */ = {
			isa = XCBuildConfiguration;
			buildSettings = {
				ASSETCATALOG_COMPILER_APPICON_NAME = AppIcon;
				INFOPLIST_FILE = WebClient/Info.plist;
				LD_RUNPATH_SEARCH_PATHS = "$(inherited) @executable_path/Frameworks";
				PRODUCT_BUNDLE_IDENTIFIER = com.EGS.WebClient;
				PRODUCT_NAME = "$(TARGET_NAME)";
				SWIFT_VERSION = 3.0;
			};
			name = Debug;
		};
		800D04901E27744100214C12 /* Release */ = {
			isa = XCBuildConfiguration;
			buildSettings = {
				ASSETCATALOG_COMPILER_APPICON_NAME = AppIcon;
				INFOPLIST_FILE = WebClient/Info.plist;
				LD_RUNPATH_SEARCH_PATHS = "$(inherited) @executable_path/Frameworks";
				PRODUCT_BUNDLE_IDENTIFIER = com.EGS.WebClient;
				PRODUCT_NAME = "$(TARGET_NAME)";
				SWIFT_VERSION = 3.0;
			};
			name = Release;
		};
		800D04921E27744100214C12 /* Debug */ = {
			isa = XCBuildConfiguration;
			buildSettings = {
				ALWAYS_EMBED_SWIFT_STANDARD_LIBRARIES = YES;
				BUNDLE_LOADER = "$(TEST_HOST)";
				INFOPLIST_FILE = WebClientTests/Info.plist;
				LD_RUNPATH_SEARCH_PATHS = "$(inherited) @executable_path/Frameworks @loader_path/Frameworks";
				PRODUCT_BUNDLE_IDENTIFIER = com.EGS.WebClientTests;
				PRODUCT_NAME = "$(TARGET_NAME)";
				SWIFT_VERSION = 3.0;
				TEST_HOST = "$(BUILT_PRODUCTS_DIR)/WebClient.app/WebClient";
			};
			name = Debug;
		};
		800D04931E27744100214C12 /* Release */ = {
			isa = XCBuildConfiguration;
			buildSettings = {
				ALWAYS_EMBED_SWIFT_STANDARD_LIBRARIES = YES;
				BUNDLE_LOADER = "$(TEST_HOST)";
				INFOPLIST_FILE = WebClientTests/Info.plist;
				LD_RUNPATH_SEARCH_PATHS = "$(inherited) @executable_path/Frameworks @loader_path/Frameworks";
				PRODUCT_BUNDLE_IDENTIFIER = com.EGS.WebClientTests;
				PRODUCT_NAME = "$(TARGET_NAME)";
				SWIFT_VERSION = 3.0;
				TEST_HOST = "$(BUILT_PRODUCTS_DIR)/WebClient.app/WebClient";
			};
			name = Release;
		};
		800D04951E27744100214C12 /* Debug */ = {
			isa = XCBuildConfiguration;
			buildSettings = {
				ALWAYS_EMBED_SWIFT_STANDARD_LIBRARIES = YES;
				INFOPLIST_FILE = WebClientUITests/Info.plist;
				LD_RUNPATH_SEARCH_PATHS = "$(inherited) @executable_path/Frameworks @loader_path/Frameworks";
				PRODUCT_BUNDLE_IDENTIFIER = com.EGS.WebClientUITests;
				PRODUCT_NAME = "$(TARGET_NAME)";
				SWIFT_VERSION = 3.0;
				TEST_TARGET_NAME = WebClient;
			};
			name = Debug;
		};
		800D04961E27744100214C12 /* Release */ = {
			isa = XCBuildConfiguration;
			buildSettings = {
				ALWAYS_EMBED_SWIFT_STANDARD_LIBRARIES = YES;
				INFOPLIST_FILE = WebClientUITests/Info.plist;
				LD_RUNPATH_SEARCH_PATHS = "$(inherited) @executable_path/Frameworks @loader_path/Frameworks";
				PRODUCT_BUNDLE_IDENTIFIER = com.EGS.WebClientUITests;
				PRODUCT_NAME = "$(TARGET_NAME)";
				SWIFT_VERSION = 3.0;
				TEST_TARGET_NAME = WebClient;
			};
			name = Release;
		};
/* End XCBuildConfiguration section */

/* Begin XCConfigurationList section */
		800D045E1E27744000214C12 /* Build configuration list for PBXProject "WebClient" */ = {
			isa = XCConfigurationList;
			buildConfigurations = (
				800D048C1E27744100214C12 /* Debug */,
				800D048D1E27744100214C12 /* Release */,
			);
			defaultConfigurationIsVisible = 0;
			defaultConfigurationName = Release;
		};
		800D048E1E27744100214C12 /* Build configuration list for PBXNativeTarget "WebClient" */ = {
			isa = XCConfigurationList;
			buildConfigurations = (
				800D048F1E27744100214C12 /* Debug */,
				800D04901E27744100214C12 /* Release */,
			);
			defaultConfigurationIsVisible = 0;
		};
		800D04911E27744100214C12 /* Build configuration list for PBXNativeTarget "WebClientTests" */ = {
			isa = XCConfigurationList;
			buildConfigurations = (
				800D04921E27744100214C12 /* Debug */,
				800D04931E27744100214C12 /* Release */,
			);
			defaultConfigurationIsVisible = 0;
		};
		800D04941E27744100214C12 /* Build configuration list for PBXNativeTarget "WebClientUITests" */ = {
			isa = XCConfigurationList;
			buildConfigurations = (
				800D04951E27744100214C12 /* Debug */,
				800D04961E27744100214C12 /* Release */,
			);
			defaultConfigurationIsVisible = 0;
		};
/* End XCConfigurationList section */

/* Begin XCVersionGroup section */
		800D046D1E27744100214C12 /* WebClient.xcdatamodeld */ = {
			isa = XCVersionGroup;
			children = (
				800D046E1E27744100214C12 /* WebClient.xcdatamodel */,
			);
			currentVersion = 800D046E1E27744100214C12 /* WebClient.xcdatamodel */;
			path = WebClient.xcdatamodeld;
			sourceTree = "<group>";
			versionGroupType = wrapper.xcdatamodel;
		};
/* End XCVersionGroup section */
	};
	rootObject = 800D045B1E27744000214C12 /* Project object */;
}
